// !$*UTF8*$!
{
	archiveVersion = 1;
	classes = {
	};
	objectVersion = 50;
	objects = {

/* Begin PBXBuildFile section */
		4820D08124D4255E00DA45D6 /* AppDelegate.swift in Sources */ = {isa = PBXBuildFile; fileRef = 4820D08024D4255E00DA45D6 /* AppDelegate.swift */; };
		4820D08324D4255E00DA45D6 /* SceneDelegate.swift in Sources */ = {isa = PBXBuildFile; fileRef = 4820D08224D4255E00DA45D6 /* SceneDelegate.swift */; };
		4820D08524D4255E00DA45D6 /* MasterViewController.swift in Sources */ = {isa = PBXBuildFile; fileRef = 4820D08424D4255E00DA45D6 /* MasterViewController.swift */; };
		4820D08824D4255E00DA45D6 /* Main.storyboard in Resources */ = {isa = PBXBuildFile; fileRef = 4820D08624D4255E00DA45D6 /* Main.storyboard */; };
		4820D08A24D4256200DA45D6 /* Assets.xcassets in Resources */ = {isa = PBXBuildFile; fileRef = 4820D08924D4256200DA45D6 /* Assets.xcassets */; };
		4820D08D24D4256200DA45D6 /* LaunchScreen.storyboard in Resources */ = {isa = PBXBuildFile; fileRef = 4820D08B24D4256200DA45D6 /* LaunchScreen.storyboard */; };
		4820D09624D425C300DA45D6 /* APIManager.swift in Sources */ = {isa = PBXBuildFile; fileRef = 4820D09524D425C300DA45D6 /* APIManager.swift */; };
		4820D09924D42C4D00DA45D6 /* Parser.swift in Sources */ = {isa = PBXBuildFile; fileRef = 4820D09824D42C4D00DA45D6 /* Parser.swift */; };
		4820D09C24D42D6D00DA45D6 /* Model.swift in Sources */ = {isa = PBXBuildFile; fileRef = 4820D09B24D42D6D00DA45D6 /* Model.swift */; };
		4820D09F24D433E200DA45D6 /* coloreTheme.swift in Sources */ = {isa = PBXBuildFile; fileRef = 4820D09E24D433E200DA45D6 /* coloreTheme.swift */; };
		4820D0A224D4521E00DA45D6 /* SearchFooter.swift in Sources */ = {isa = PBXBuildFile; fileRef = 4820D0A124D4521E00DA45D6 /* SearchFooter.swift */; };
		4820D0A524D4551E00DA45D6 /* DetailViewController.swift in Sources */ = {isa = PBXBuildFile; fileRef = 4820D0A424D4551E00DA45D6 /* DetailViewController.swift */; };
		4820D0A824D5D07400DA45D6 /* MasterViewCell.swift in Sources */ = {isa = PBXBuildFile; fileRef = 4820D0A724D5D07400DA45D6 /* MasterViewCell.swift */; };
/* End PBXBuildFile section */

/* Begin PBXFileReference section */
		4820D07D24D4255D00DA45D6 /* Breaking Bad character explorer app.app */ = {isa = PBXFileReference; explicitFileType = wrapper.application; includeInIndex = 0; path = "Breaking Bad character explorer app.app"; sourceTree = BUILT_PRODUCTS_DIR; };
		4820D08024D4255E00DA45D6 /* AppDelegate.swift */ = {isa = PBXFileReference; lastKnownFileType = sourcecode.swift; path = AppDelegate.swift; sourceTree = "<group>"; };
		4820D08224D4255E00DA45D6 /* SceneDelegate.swift */ = {isa = PBXFileReference; lastKnownFileType = sourcecode.swift; path = SceneDelegate.swift; sourceTree = "<group>"; };
		4820D08424D4255E00DA45D6 /* MasterViewController.swift */ = {isa = PBXFileReference; lastKnownFileType = sourcecode.swift; path = MasterViewController.swift; sourceTree = "<group>"; };
		4820D08724D4255E00DA45D6 /* Base */ = {isa = PBXFileReference; lastKnownFileType = file.storyboard; name = Base; path = Base.lproj/Main.storyboard; sourceTree = "<group>"; };
		4820D08924D4256200DA45D6 /* Assets.xcassets */ = {isa = PBXFileReference; lastKnownFileType = folder.assetcatalog; path = Assets.xcassets; sourceTree = "<group>"; };
		4820D08C24D4256200DA45D6 /* Base */ = {isa = PBXFileReference; lastKnownFileType = file.storyboard; name = Base; path = Base.lproj/LaunchScreen.storyboard; sourceTree = "<group>"; };
		4820D08E24D4256200DA45D6 /* Info.plist */ = {isa = PBXFileReference; lastKnownFileType = text.plist.xml; path = Info.plist; sourceTree = "<group>"; };
		4820D09524D425C300DA45D6 /* APIManager.swift */ = {isa = PBXFileReference; lastKnownFileType = sourcecode.swift; path = APIManager.swift; sourceTree = "<group>"; };
		4820D09824D42C4D00DA45D6 /* Parser.swift */ = {isa = PBXFileReference; lastKnownFileType = sourcecode.swift; path = Parser.swift; sourceTree = "<group>"; };
		4820D09B24D42D6D00DA45D6 /* Model.swift */ = {isa = PBXFileReference; lastKnownFileType = sourcecode.swift; path = Model.swift; sourceTree = "<group>"; };
		4820D09E24D433E200DA45D6 /* coloreTheme.swift */ = {isa = PBXFileReference; lastKnownFileType = sourcecode.swift; path = coloreTheme.swift; sourceTree = "<group>"; };
		4820D0A124D4521E00DA45D6 /* SearchFooter.swift */ = {isa = PBXFileReference; lastKnownFileType = sourcecode.swift; path = SearchFooter.swift; sourceTree = "<group>"; };
		4820D0A424D4551E00DA45D6 /* DetailViewController.swift */ = {isa = PBXFileReference; lastKnownFileType = sourcecode.swift; path = DetailViewController.swift; sourceTree = "<group>"; };
		4820D0A724D5D07400DA45D6 /* MasterViewCell.swift */ = {isa = PBXFileReference; lastKnownFileType = sourcecode.swift; path = MasterViewCell.swift; sourceTree = "<group>"; };
/* End PBXFileReference section */

/* Begin PBXFrameworksBuildPhase section */
		4820D07A24D4255D00DA45D6 /* Frameworks */ = {
			isa = PBXFrameworksBuildPhase;
			buildActionMask = 2147483647;
			files = (
			);
			runOnlyForDeploymentPostprocessing = 0;
		};
/* End PBXFrameworksBuildPhase section */

/* Begin PBXGroup section */
		4820D07424D4255D00DA45D6 = {
			isa = PBXGroup;
			children = (
				4820D07F24D4255D00DA45D6 /* Breaking Bad character explorer app */,
				4820D07E24D4255D00DA45D6 /* Products */,
			);
			sourceTree = "<group>";
		};
		4820D07E24D4255D00DA45D6 /* Products */ = {
			isa = PBXGroup;
			children = (
				4820D07D24D4255D00DA45D6 /* Breaking Bad character explorer app.app */,
			);
			name = Products;
			sourceTree = "<group>";
		};
		4820D07F24D4255D00DA45D6 /* Breaking Bad character explorer app */ = {
			isa = PBXGroup;
			children = (
				4820D0A624D5D04800DA45D6 /* Cells */,
				4820D0A324D454DA00DA45D6 /* ViewControllers */,
				4820D0A024D4520A00DA45D6 /* View */,
				4820D09D24D4338600DA45D6 /* Extention */,
				4820D09A24D42D2500DA45D6 /* Model */,
				4820D09724D42C2F00DA45D6 /* Parser */,
				4820D09424D4259100DA45D6 /* ApiManager */,
				4820D08024D4255E00DA45D6 /* AppDelegate.swift */,
				4820D08224D4255E00DA45D6 /* SceneDelegate.swift */,
				4820D08624D4255E00DA45D6 /* Main.storyboard */,
				4820D08924D4256200DA45D6 /* Assets.xcassets */,
				4820D08B24D4256200DA45D6 /* LaunchScreen.storyboard */,
				4820D08E24D4256200DA45D6 /* Info.plist */,
			);
			path = "Breaking Bad character explorer app";
			sourceTree = "<group>";
		};
		4820D09424D4259100DA45D6 /* ApiManager */ = {
			isa = PBXGroup;
			children = (
				4820D09524D425C300DA45D6 /* APIManager.swift */,
			);
			path = ApiManager;
			sourceTree = "<group>";
		};
		4820D09724D42C2F00DA45D6 /* Parser */ = {
			isa = PBXGroup;
			children = (
				4820D09824D42C4D00DA45D6 /* Parser.swift */,
			);
			path = Parser;
			sourceTree = "<group>";
		};
		4820D09A24D42D2500DA45D6 /* Model */ = {
			isa = PBXGroup;
			children = (
				4820D09B24D42D6D00DA45D6 /* Model.swift */,
			);
			path = Model;
			sourceTree = "<group>";
		};
		4820D09D24D4338600DA45D6 /* Extention */ = {
			isa = PBXGroup;
			children = (
				4820D09E24D433E200DA45D6 /* coloreTheme.swift */,
			);
			path = Extention;
			sourceTree = "<group>";
		};
		4820D0A024D4520A00DA45D6 /* View */ = {
			isa = PBXGroup;
			children = (
				4820D0A124D4521E00DA45D6 /* SearchFooter.swift */,
			);
			path = View;
			sourceTree = "<group>";
		};
		4820D0A324D454DA00DA45D6 /* ViewControllers */ = {
			isa = PBXGroup;
			children = (
				4820D08424D4255E00DA45D6 /* MasterViewController.swift */,
				4820D0A424D4551E00DA45D6 /* DetailViewController.swift */,
			);
			path = ViewControllers;
			sourceTree = "<group>";
		};
		4820D0A624D5D04800DA45D6 /* Cells */ = {
			isa = PBXGroup;
			children = (
				4820D0A724D5D07400DA45D6 /* MasterViewCell.swift */,
			);
			path = Cells;
			sourceTree = "<group>";
		};
/* End PBXGroup section */

/* Begin PBXNativeTarget section */
		4820D07C24D4255D00DA45D6 /* Breaking Bad character explorer app */ = {
			isa = PBXNativeTarget;
			buildConfigurationList = 4820D09124D4256200DA45D6 /* Build configuration list for PBXNativeTarget "Breaking Bad character explorer app" */;
			buildPhases = (
				4820D07924D4255D00DA45D6 /* Sources */,
				4820D07A24D4255D00DA45D6 /* Frameworks */,
				4820D07B24D4255D00DA45D6 /* Resources */,
			);
			buildRules = (
			);
			dependencies = (
			);
			name = "Breaking Bad character explorer app";
			productName = "Breaking Bad character explorer app";
			productReference = 4820D07D24D4255D00DA45D6 /* Breaking Bad character explorer app.app */;
			productType = "com.apple.product-type.application";
		};
/* End PBXNativeTarget section */

/* Begin PBXProject section */
		4820D07524D4255D00DA45D6 /* Project object */ = {
			isa = PBXProject;
			attributes = {
				LastSwiftUpdateCheck = 1140;
				LastUpgradeCheck = 1140;
				ORGANIZATIONNAME = "Emil Vaklinov";
				TargetAttributes = {
					4820D07C24D4255D00DA45D6 = {
						CreatedOnToolsVersion = 11.4.1;
					};
				};
			};
			buildConfigurationList = 4820D07824D4255D00DA45D6 /* Build configuration list for PBXProject "Breaking Bad character explorer app" */;
			compatibilityVersion = "Xcode 9.3";
			developmentRegion = en;
			hasScannedForEncodings = 0;
			knownRegions = (
				en,
				Base,
			);
			mainGroup = 4820D07424D4255D00DA45D6;
			productRefGroup = 4820D07E24D4255D00DA45D6 /* Products */;
			projectDirPath = "";
			projectRoot = "";
			targets = (
				4820D07C24D4255D00DA45D6 /* Breaking Bad character explorer app */,
			);
		};
/* End PBXProject section */

/* Begin PBXResourcesBuildPhase section */
		4820D07B24D4255D00DA45D6 /* Resources */ = {
			isa = PBXResourcesBuildPhase;
			buildActionMask = 2147483647;
			files = (
				4820D08D24D4256200DA45D6 /* LaunchScreen.storyboard in Resources */,
				4820D08A24D4256200DA45D6 /* Assets.xcassets in Resources */,
				4820D08824D4255E00DA45D6 /* Main.storyboard in Resources */,
			);
			runOnlyForDeploymentPostprocessing = 0;
		};
/* End PBXResourcesBuildPhase section */

/* Begin PBXSourcesBuildPhase section */
		4820D07924D4255D00DA45D6 /* Sources */ = {
			isa = PBXSourcesBuildPhase;
			buildActionMask = 2147483647;
			files = (
				4820D0A524D4551E00DA45D6 /* DetailViewController.swift in Sources */,
				4820D09F24D433E200DA45D6 /* coloreTheme.swift in Sources */,
				4820D09624D425C300DA45D6 /* APIManager.swift in Sources */,
				4820D0A224D4521E00DA45D6 /* SearchFooter.swift in Sources */,
				4820D08524D4255E00DA45D6 /* MasterViewController.swift in Sources */,
				4820D09924D42C4D00DA45D6 /* Parser.swift in Sources */,
				4820D09C24D42D6D00DA45D6 /* Model.swift in Sources */,
				4820D08124D4255E00DA45D6 /* AppDelegate.swift in Sources */,
				4820D0A824D5D07400DA45D6 /* MasterViewCell.swift in Sources */,
				4820D08324D4255E00DA45D6 /* SceneDelegate.swift in Sources */,
			);
			runOnlyForDeploymentPostprocessing = 0;
		};
/* End PBXSourcesBuildPhase section */

/* Begin PBXVariantGroup section */
		4820D08624D4255E00DA45D6 /* Main.storyboard */ = {
			isa = PBXVariantGroup;
			children = (
				4820D08724D4255E00DA45D6 /* Base */,
			);
			name = Main.storyboard;
			sourceTree = "<group>";
		};
		4820D08B24D4256200DA45D6 /* LaunchScreen.storyboard */ = {
			isa = PBXVariantGroup;
			children = (
				4820D08C24D4256200DA45D6 /* Base */,
			);
			name = LaunchScreen.storyboard;
			sourceTree = "<group>";
		};
/* End PBXVariantGroup section */

/* Begin XCBuildConfiguration section */
		4820D08F24D4256200DA45D6 /* Debug */ = {
			isa = XCBuildConfiguration;
			buildSettings = {
				ALWAYS_SEARCH_USER_PATHS = NO;
				CLANG_ANALYZER_NONNULL = YES;
				CLANG_ANALYZER_NUMBER_OBJECT_CONVERSION = YES_AGGRESSIVE;
				CLANG_CXX_LANGUAGE_STANDARD = "gnu++14";
				CLANG_CXX_LIBRARY = "libc++";
				CLANG_ENABLE_MODULES = YES;
				CLANG_ENABLE_OBJC_ARC = YES;
				CLANG_ENABLE_OBJC_WEAK = YES;
				CLANG_WARN_BLOCK_CAPTURE_AUTORELEASING = YES;
				CLANG_WARN_BOOL_CONVERSION = YES;
				CLANG_WARN_COMMA = YES;
				CLANG_WARN_CONSTANT_CONVERSION = YES;
				CLANG_WARN_DEPRECATED_OBJC_IMPLEMENTATIONS = YES;
				CLANG_WARN_DIRECT_OBJC_ISA_USAGE = YES_ERROR;
				CLANG_WARN_DOCUMENTATION_COMMENTS = YES;
				CLANG_WARN_EMPTY_BODY = YES;
				CLANG_WARN_ENUM_CONVERSION = YES;
				CLANG_WARN_INFINITE_RECURSION = YES;
				CLANG_WARN_INT_CONVERSION = YES;
				CLANG_WARN_NON_LITERAL_NULL_CONVERSION = YES;
				CLANG_WARN_OBJC_IMPLICIT_RETAIN_SELF = YES;
				CLANG_WARN_OBJC_LITERAL_CONVERSION = YES;
				CLANG_WARN_OBJC_ROOT_CLASS = YES_ERROR;
				CLANG_WARN_RANGE_LOOP_ANALYSIS = YES;
				CLANG_WARN_STRICT_PROTOTYPES = YES;
				CLANG_WARN_SUSPICIOUS_MOVE = YES;
				CLANG_WARN_UNGUARDED_AVAILABILITY = YES_AGGRESSIVE;
				CLANG_WARN_UNREACHABLE_CODE = YES;
				CLANG_WARN__DUPLICATE_METHOD_MATCH = YES;
				COPY_PHASE_STRIP = NO;
				DEBUG_INFORMATION_FORMAT = dwarf;
				ENABLE_STRICT_OBJC_MSGSEND = YES;
				ENABLE_TESTABILITY = YES;
				GCC_C_LANGUAGE_STANDARD = gnu11;
				GCC_DYNAMIC_NO_PIC = NO;
				GCC_NO_COMMON_BLOCKS = YES;
				GCC_OPTIMIZATION_LEVEL = 0;
				GCC_PREPROCESSOR_DEFINITIONS = (
					"DEBUG=1",
					"$(inherited)",
				);
				GCC_WARN_64_TO_32_BIT_CONVERSION = YES;
				GCC_WARN_ABOUT_RETURN_TYPE = YES_ERROR;
				GCC_WARN_UNDECLARED_SELECTOR = YES;
				GCC_WARN_UNINITIALIZED_AUTOS = YES_AGGRESSIVE;
				GCC_WARN_UNUSED_FUNCTION = YES;
				GCC_WARN_UNUSED_VARIABLE = YES;
				IPHONEOS_DEPLOYMENT_TARGET = 13.4;
				MTL_ENABLE_DEBUG_INFO = INCLUDE_SOURCE;
				MTL_FAST_MATH = YES;
				ONLY_ACTIVE_ARCH = YES;
				SDKROOT = iphoneos;
				SWIFT_ACTIVE_COMPILATION_CONDITIONS = DEBUG;
				SWIFT_OPTIMIZATION_LEVEL = "-Onone";
			};
			name = Debug;
		};
		4820D09024D4256200DA45D6 /* Release */ = {
			isa = XCBuildConfiguration;
			buildSettings = {
				ALWAYS_SEARCH_USER_PATHS = NO;
				CLANG_ANALYZER_NONNULL = YES;
				CLANG_ANALYZER_NUMBER_OBJECT_CONVERSION = YES_AGGRESSIVE;
				CLANG_CXX_LANGUAGE_STANDARD = "gnu++14";
				CLANG_CXX_LIBRARY = "libc++";
				CLANG_ENABLE_MODULES = YES;
				CLANG_ENABLE_OBJC_ARC = YES;
				CLANG_ENABLE_OBJC_WEAK = YES;
				CLANG_WARN_BLOCK_CAPTURE_AUTORELEASING = YES;
				CLANG_WARN_BOOL_CONVERSION = YES;
				CLANG_WARN_COMMA = YES;
				CLANG_WARN_CONSTANT_CONVERSION = YES;
				CLANG_WARN_DEPRECATED_OBJC_IMPLEMENTATIONS = YES;
				CLANG_WARN_DIRECT_OBJC_ISA_USAGE = YES_ERROR;
				CLANG_WARN_DOCUMENTATION_COMMENTS = YES;
				CLANG_WARN_EMPTY_BODY = YES;
				CLANG_WARN_ENUM_CONVERSION = YES;
				CLANG_WARN_INFINITE_RECURSION = YES;
				CLANG_WARN_INT_CONVERSION = YES;
				CLANG_WARN_NON_LITERAL_NULL_CONVERSION = YES;
				CLANG_WARN_OBJC_IMPLICIT_RETAIN_SELF = YES;
				CLANG_WARN_OBJC_LITERAL_CONVERSION = YES;
				CLANG_WARN_OBJC_ROOT_CLASS = YES_ERROR;
				CLANG_WARN_RANGE_LOOP_ANALYSIS = YES;
				CLANG_WARN_STRICT_PROTOTYPES = YES;
				CLANG_WARN_SUSPICIOUS_MOVE = YES;
				CLANG_WARN_UNGUARDED_AVAILABILITY = YES_AGGRESSIVE;
				CLANG_WARN_UNREACHABLE_CODE = YES;
				CLANG_WARN__DUPLICATE_METHOD_MATCH = YES;
				COPY_PHASE_STRIP = NO;
				DEBUG_INFORMATION_FORMAT = "dwarf-with-dsym";
				ENABLE_NS_ASSERTIONS = NO;
				ENABLE_STRICT_OBJC_MSGSEND = YES;
				GCC_C_LANGUAGE_STANDARD = gnu11;
				GCC_NO_COMMON_BLOCKS = YES;
				GCC_WARN_64_TO_32_BIT_CONVERSION = YES;
				GCC_WARN_ABOUT_RETURN_TYPE = YES_ERROR;
				GCC_WARN_UNDECLARED_SELECTOR = YES;
				GCC_WARN_UNINITIALIZED_AUTOS = YES_AGGRESSIVE;
				GCC_WARN_UNUSED_FUNCTION = YES;
				GCC_WARN_UNUSED_VARIABLE = YES;
				IPHONEOS_DEPLOYMENT_TARGET = 13.4;
				MTL_ENABLE_DEBUG_INFO = NO;
				MTL_FAST_MATH = YES;
				SDKROOT = iphoneos;
				SWIFT_COMPILATION_MODE = wholemodule;
				SWIFT_OPTIMIZATION_LEVEL = "-O";
				VALIDATE_PRODUCT = YES;
			};
			name = Release;
		};
		4820D09224D4256200DA45D6 /* Debug */ = {
			isa = XCBuildConfiguration;
			buildSettings = {
				ASSETCATALOG_COMPILER_APPICON_NAME = AppIcon;
				CODE_SIGN_STYLE = Automatic;
				INFOPLIST_FILE = "Breaking Bad character explorer app/Info.plist";
				LD_RUNPATH_SEARCH_PATHS = (
					"$(inherited)",
					"@executable_path/Frameworks",
				);
				PRODUCT_BUNDLE_IDENTIFIER = "com.emil.Breaking-Bad-character-explorer-app";
				PRODUCT_NAME = "$(TARGET_NAME)";
				SWIFT_VERSION = 5.0;
				TARGETED_DEVICE_FAMILY = "1,2";
			};
			name = Debug;
		};
		4820D09324D4256200DA45D6 /* Release */ = {
			isa = XCBuildConfiguration;
			buildSettings = {
				ASSETCATALOG_COMPILER_APPICON_NAME = AppIcon;
				CODE_SIGN_STYLE = Automatic;
				INFOPLIST_FILE = "Breaking Bad character explorer app/Info.plist";
				LD_RUNPATH_SEARCH_PATHS = (
					"$(inherited)",
					"@executable_path/Frameworks",
				);
				PRODUCT_BUNDLE_IDENTIFIER = "com.emil.Breaking-Bad-character-explorer-app";
				PRODUCT_NAME = "$(TARGET_NAME)";
				SWIFT_VERSION = 5.0;
				TARGETED_DEVICE_FAMILY = "1,2";
			};
			name = Release;
		};
/* End XCBuildConfiguration section */

/* Begin XCConfigurationList section */
		4820D07824D4255D00DA45D6 /* Build configuration list for PBXProject "Breaking Bad character explorer app" */ = {
			isa = XCConfigurationList;
			buildConfigurations = (
				4820D08F24D4256200DA45D6 /* Debug */,
				4820D09024D4256200DA45D6 /* Release */,
			);
			defaultConfigurationIsVisible = 0;
			defaultConfigurationName = Release;
		};
		4820D09124D4256200DA45D6 /* Build configuration list for PBXNativeTarget "Breaking Bad character explorer app" */ = {
			isa = XCConfigurationList;
			buildConfigurations = (
				4820D09224D4256200DA45D6 /* Debug */,
				4820D09324D4256200DA45D6 /* Release */,
			);
			defaultConfigurationIsVisible = 0;
			defaultConfigurationName = Release;
		};
/* End XCConfigurationList section */
	};
	rootObject = 4820D07524D4255D00DA45D6 /* Project object */;
}
